// !$*UTF8*$!
{
	archiveVersion = 1;
	classes = {
	};
	objectVersion = 56;
	objects = {

/* Begin PBXBuildFile section */
		1F8326C7297EEC8C00462DD2 /* AppDelegate.swift in Sources */ = {isa = PBXBuildFile; fileRef = 1F8326C6297EEC8C00462DD2 /* AppDelegate.swift */; };
		1F8326C9297EEC8C00462DD2 /* SceneDelegate.swift in Sources */ = {isa = PBXBuildFile; fileRef = 1F8326C8297EEC8C00462DD2 /* SceneDelegate.swift */; };
		1F8326CB297EEC8C00462DD2 /* HomeMovieVC.swift in Sources */ = {isa = PBXBuildFile; fileRef = 1F8326CA297EEC8C00462DD2 /* HomeMovieVC.swift */; };
		1F8326D0297EEC8E00462DD2 /* Assets.xcassets in Resources */ = {isa = PBXBuildFile; fileRef = 1F8326CF297EEC8E00462DD2 /* Assets.xcassets */; };
		1F8326D3297EEC8E00462DD2 /* LaunchScreen.storyboard in Resources */ = {isa = PBXBuildFile; fileRef = 1F8326D1297EEC8E00462DD2 /* LaunchScreen.storyboard */; };
		1F8326DE297EEF9400462DD2 /* HomeMoviesScreen.swift in Sources */ = {isa = PBXBuildFile; fileRef = 1F8326DD297EEF9400462DD2 /* HomeMoviesScreen.swift */; };
		1F8326E1297EF16300462DD2 /* HomeModel.swift in Sources */ = {isa = PBXBuildFile; fileRef = 1F8326E0297EF16300462DD2 /* HomeModel.swift */; };
		1F8326E4297EF9C900462DD2 /* HomeTableViewCell.swift in Sources */ = {isa = PBXBuildFile; fileRef = 1F8326E3297EF9C900462DD2 /* HomeTableViewCell.swift */; };
		1F8326E7297F11E300462DD2 /* UIColor.swift in Sources */ = {isa = PBXBuildFile; fileRef = 1F8326E6297F11E300462DD2 /* UIColor.swift */; };
		1F8326E9297F124200462DD2 /* UIView.swift in Sources */ = {isa = PBXBuildFile; fileRef = 1F8326E8297F124200462DD2 /* UIView.swift */; };
		1F8326EB297F128900462DD2 /* String.swift in Sources */ = {isa = PBXBuildFile; fileRef = 1F8326EA297F128900462DD2 /* String.swift */; };
/* End PBXBuildFile section */

/* Begin PBXFileReference section */
		1F8326C3297EEC8C00462DD2 /* Movies.app */ = {isa = PBXFileReference; explicitFileType = wrapper.application; includeInIndex = 0; path = Movies.app; sourceTree = BUILT_PRODUCTS_DIR; };
		1F8326C6297EEC8C00462DD2 /* AppDelegate.swift */ = {isa = PBXFileReference; lastKnownFileType = sourcecode.swift; path = AppDelegate.swift; sourceTree = "<group>"; };
		1F8326C8297EEC8C00462DD2 /* SceneDelegate.swift */ = {isa = PBXFileReference; lastKnownFileType = sourcecode.swift; path = SceneDelegate.swift; sourceTree = "<group>"; };
		1F8326CA297EEC8C00462DD2 /* HomeMovieVC.swift */ = {isa = PBXFileReference; lastKnownFileType = sourcecode.swift; path = HomeMovieVC.swift; sourceTree = "<group>"; };
		1F8326CF297EEC8E00462DD2 /* Assets.xcassets */ = {isa = PBXFileReference; lastKnownFileType = folder.assetcatalog; path = Assets.xcassets; sourceTree = "<group>"; };
		1F8326D2297EEC8E00462DD2 /* Base */ = {isa = PBXFileReference; lastKnownFileType = file.storyboard; name = Base; path = Base.lproj/LaunchScreen.storyboard; sourceTree = "<group>"; };
		1F8326D4297EEC8E00462DD2 /* Info.plist */ = {isa = PBXFileReference; lastKnownFileType = text.plist.xml; path = Info.plist; sourceTree = "<group>"; };
		1F8326DD297EEF9400462DD2 /* HomeMoviesScreen.swift */ = {isa = PBXFileReference; lastKnownFileType = sourcecode.swift; path = HomeMoviesScreen.swift; sourceTree = "<group>"; };
		1F8326E0297EF16300462DD2 /* HomeModel.swift */ = {isa = PBXFileReference; lastKnownFileType = sourcecode.swift; path = HomeModel.swift; sourceTree = "<group>"; };
		1F8326E3297EF9C900462DD2 /* HomeTableViewCell.swift */ = {isa = PBXFileReference; lastKnownFileType = sourcecode.swift; path = HomeTableViewCell.swift; sourceTree = "<group>"; };
		1F8326E6297F11E300462DD2 /* UIColor.swift */ = {isa = PBXFileReference; lastKnownFileType = sourcecode.swift; path = UIColor.swift; sourceTree = "<group>"; };
		1F8326E8297F124200462DD2 /* UIView.swift */ = {isa = PBXFileReference; lastKnownFileType = sourcecode.swift; path = UIView.swift; sourceTree = "<group>"; };
		1F8326EA297F128900462DD2 /* String.swift */ = {isa = PBXFileReference; lastKnownFileType = sourcecode.swift; path = String.swift; sourceTree = "<group>"; };
/* End PBXFileReference section */

/* Begin PBXFrameworksBuildPhase section */
		1F8326C0297EEC8C00462DD2 /* Frameworks */ = {
			isa = PBXFrameworksBuildPhase;
			buildActionMask = 2147483647;
			files = (
			);
			runOnlyForDeploymentPostprocessing = 0;
		};
/* End PBXFrameworksBuildPhase section */

/* Begin PBXGroup section */
		1F8326BA297EEC8C00462DD2 = {
			isa = PBXGroup;
			children = (
				1F8326C5297EEC8C00462DD2 /* Movies */,
				1F8326C4297EEC8C00462DD2 /* Products */,
			);
			sourceTree = "<group>";
		};
		1F8326C4297EEC8C00462DD2 /* Products */ = {
			isa = PBXGroup;
			children = (
				1F8326C3297EEC8C00462DD2 /* Movies.app */,
			);
			name = Products;
			sourceTree = "<group>";
		};
		1F8326C5297EEC8C00462DD2 /* Movies */ = {
			isa = PBXGroup;
			children = (
				1F8326E5297F11C400462DD2 /* Extension */,
				1F8326E2297EF99100462DD2 /* Cell */,
				1F8326DF297EF13C00462DD2 /* Model */,
				1F8326DA297EEF3400462DD2 /* Home */,
				1F8326C6297EEC8C00462DD2 /* AppDelegate.swift */,
				1F8326C8297EEC8C00462DD2 /* SceneDelegate.swift */,
				1F8326CF297EEC8E00462DD2 /* Assets.xcassets */,
				1F8326D1297EEC8E00462DD2 /* LaunchScreen.storyboard */,
				1F8326D4297EEC8E00462DD2 /* Info.plist */,
			);
			path = Movies;
			sourceTree = "<group>";
		};
		1F8326DA297EEF3400462DD2 /* Home */ = {
			isa = PBXGroup;
			children = (
				1F8326DC297EEF5B00462DD2 /* View */,
				1F8326DB297EEF3D00462DD2 /* ViewController */,
			);
			path = Home;
			sourceTree = "<group>";
		};
		1F8326DB297EEF3D00462DD2 /* ViewController */ = {
			isa = PBXGroup;
			children = (
				1F8326CA297EEC8C00462DD2 /* HomeMovieVC.swift */,
			);
			path = ViewController;
			sourceTree = "<group>";
		};
		1F8326DC297EEF5B00462DD2 /* View */ = {
			isa = PBXGroup;
			children = (
				1F8326DD297EEF9400462DD2 /* HomeMoviesScreen.swift */,
			);
			path = View;
			sourceTree = "<group>";
		};
		1F8326DF297EF13C00462DD2 /* Model */ = {
			isa = PBXGroup;
			children = (
				1F8326E0297EF16300462DD2 /* HomeModel.swift */,
			);
			path = Model;
			sourceTree = "<group>";
		};
		1F8326E2297EF99100462DD2 /* Cell */ = {
			isa = PBXGroup;
			children = (
				1F8326E3297EF9C900462DD2 /* HomeTableViewCell.swift */,
			);
			path = Cell;
			sourceTree = "<group>";
		};
		1F8326E5297F11C400462DD2 /* Extension */ = {
			isa = PBXGroup;
			children = (
				1F8326E6297F11E300462DD2 /* UIColor.swift */,
				1F8326E8297F124200462DD2 /* UIView.swift */,
				1F8326EA297F128900462DD2 /* String.swift */,
			);
			path = Extension;
			sourceTree = "<group>";
		};
/* End PBXGroup section */

/* Begin PBXNativeTarget section */
		1F8326C2297EEC8C00462DD2 /* Movies */ = {
			isa = PBXNativeTarget;
			buildConfigurationList = 1F8326D7297EEC8E00462DD2 /* Build configuration list for PBXNativeTarget "Movies" */;
			buildPhases = (
				1F8326BF297EEC8C00462DD2 /* Sources */,
				1F8326C0297EEC8C00462DD2 /* Frameworks */,
				1F8326C1297EEC8C00462DD2 /* Resources */,
			);
			buildRules = (
			);
			dependencies = (
			);
			name = Movies;
			productName = Movies;
			productReference = 1F8326C3297EEC8C00462DD2 /* Movies.app */;
			productType = "com.apple.product-type.application";
		};
/* End PBXNativeTarget section */

/* Begin PBXProject section */
		1F8326BB297EEC8C00462DD2 /* Project object */ = {
			isa = PBXProject;
			attributes = {
				BuildIndependentTargetsInParallel = 1;
				LastSwiftUpdateCheck = 1420;
				LastUpgradeCheck = 1420;
				TargetAttributes = {
					1F8326C2297EEC8C00462DD2 = {
						CreatedOnToolsVersion = 14.2;
					};
				};
			};
			buildConfigurationList = 1F8326BE297EEC8C00462DD2 /* Build configuration list for PBXProject "Movies" */;
			compatibilityVersion = "Xcode 14.0";
			developmentRegion = en;
			hasScannedForEncodings = 0;
			knownRegions = (
				en,
				Base,
			);
			mainGroup = 1F8326BA297EEC8C00462DD2;
			productRefGroup = 1F8326C4297EEC8C00462DD2 /* Products */;
			projectDirPath = "";
			projectRoot = "";
			targets = (
				1F8326C2297EEC8C00462DD2 /* Movies */,
			);
		};
/* End PBXProject section */

/* Begin PBXResourcesBuildPhase section */
		1F8326C1297EEC8C00462DD2 /* Resources */ = {
			isa = PBXResourcesBuildPhase;
			buildActionMask = 2147483647;
			files = (
				1F8326D3297EEC8E00462DD2 /* LaunchScreen.storyboard in Resources */,
				1F8326D0297EEC8E00462DD2 /* Assets.xcassets in Resources */,
			);
			runOnlyForDeploymentPostprocessing = 0;
		};
/* End PBXResourcesBuildPhase section */

/* Begin PBXSourcesBuildPhase section */
		1F8326BF297EEC8C00462DD2 /* Sources */ = {
			isa = PBXSourcesBuildPhase;
			buildActionMask = 2147483647;
			files = (
				1F8326E9297F124200462DD2 /* UIView.swift in Sources */,
				1F8326E4297EF9C900462DD2 /* HomeTableViewCell.swift in Sources */,
				1F8326E7297F11E300462DD2 /* UIColor.swift in Sources */,
				1F8326EB297F128900462DD2 /* String.swift in Sources */,
				1F8326CB297EEC8C00462DD2 /* HomeMovieVC.swift in Sources */,
				1F8326DE297EEF9400462DD2 /* HomeMoviesScreen.swift in Sources */,
				1F8326C7297EEC8C00462DD2 /* AppDelegate.swift in Sources */,
				1F8326E1297EF16300462DD2 /* HomeModel.swift in Sources */,
				1F8326C9297EEC8C00462DD2 /* SceneDelegate.swift in Sources */,
			);
			runOnlyForDeploymentPostprocessing = 0;
		};
/* End PBXSourcesBuildPhase section */

/* Begin PBXVariantGroup section */
		1F8326D1297EEC8E00462DD2 /* LaunchScreen.storyboard */ = {
			isa = PBXVariantGroup;
			children = (
				1F8326D2297EEC8E00462DD2 /* Base */,
			);
			name = LaunchScreen.storyboard;
			sourceTree = "<group>";
		};
/* End PBXVariantGroup section */

/* Begin XCBuildConfiguration section */
		1F8326D5297EEC8E00462DD2 /* Debug */ = {
			isa = XCBuildConfiguration;
			buildSettings = {
				ALWAYS_SEARCH_USER_PATHS = NO;
				CLANG_ANALYZER_NONNULL = YES;
				CLANG_ANALYZER_NUMBER_OBJECT_CONVERSION = YES_AGGRESSIVE;
				CLANG_CXX_LANGUAGE_STANDARD = "gnu++20";
				CLANG_ENABLE_MODULES = YES;
				CLANG_ENABLE_OBJC_ARC = YES;
				CLANG_ENABLE_OBJC_WEAK = YES;
				CLANG_WARN_BLOCK_CAPTURE_AUTORELEASING = YES;
				CLANG_WARN_BOOL_CONVERSION = YES;
				CLANG_WARN_COMMA = YES;
				CLANG_WARN_CONSTANT_CONVERSION = YES;
				CLANG_WARN_DEPRECATED_OBJC_IMPLEMENTATIONS = YES;
				CLANG_WARN_DIRECT_OBJC_ISA_USAGE = YES_ERROR;
				CLANG_WARN_DOCUMENTATION_COMMENTS = YES;
				CLANG_WARN_EMPTY_BODY = YES;
				CLANG_WARN_ENUM_CONVERSION = YES;
				CLANG_WARN_INFINITE_RECURSION = YES;
				CLANG_WARN_INT_CONVERSION = YES;
				CLANG_WARN_NON_LITERAL_NULL_CONVERSION = YES;
				CLANG_WARN_OBJC_IMPLICIT_RETAIN_SELF = YES;
				CLANG_WARN_OBJC_LITERAL_CONVERSION = YES;
				CLANG_WARN_OBJC_ROOT_CLASS = YES_ERROR;
				CLANG_WARN_QUOTED_INCLUDE_IN_FRAMEWORK_HEADER = YES;
				CLANG_WARN_RANGE_LOOP_ANALYSIS = YES;
				CLANG_WARN_STRICT_PROTOTYPES = YES;
				CLANG_WARN_SUSPICIOUS_MOVE = YES;
				CLANG_WARN_UNGUARDED_AVAILABILITY = YES_AGGRESSIVE;
				CLANG_WARN_UNREACHABLE_CODE = YES;
				CLANG_WARN__DUPLICATE_METHOD_MATCH = YES;
				COPY_PHASE_STRIP = NO;
				DEBUG_INFORMATION_FORMAT = dwarf;
				ENABLE_STRICT_OBJC_MSGSEND = YES;
				ENABLE_TESTABILITY = YES;
				GCC_C_LANGUAGE_STANDARD = gnu11;
				GCC_DYNAMIC_NO_PIC = NO;
				GCC_NO_COMMON_BLOCKS = YES;
				GCC_OPTIMIZATION_LEVEL = 0;
				GCC_PREPROCESSOR_DEFINITIONS = (
					"DEBUG=1",
					"$(inherited)",
				);
				GCC_WARN_64_TO_32_BIT_CONVERSION = YES;
				GCC_WARN_ABOUT_RETURN_TYPE = YES_ERROR;
				GCC_WARN_UNDECLARED_SELECTOR = YES;
				GCC_WARN_UNINITIALIZED_AUTOS = YES_AGGRESSIVE;
				GCC_WARN_UNUSED_FUNCTION = YES;
				GCC_WARN_UNUSED_VARIABLE = YES;
				IPHONEOS_DEPLOYMENT_TARGET = 16.2;
				MTL_ENABLE_DEBUG_INFO = INCLUDE_SOURCE;
				MTL_FAST_MATH = YES;
				ONLY_ACTIVE_ARCH = YES;
				SDKROOT = iphoneos;
				SWIFT_ACTIVE_COMPILATION_CONDITIONS = DEBUG;
				SWIFT_OPTIMIZATION_LEVEL = "-Onone";
			};
			name = Debug;
		};
		1F8326D6297EEC8E00462DD2 /* Release */ = {
			isa = XCBuildConfiguration;
			buildSettings = {
				ALWAYS_SEARCH_USER_PATHS = NO;
				CLANG_ANALYZER_NONNULL = YES;
				CLANG_ANALYZER_NUMBER_OBJECT_CONVERSION = YES_AGGRESSIVE;
				CLANG_CXX_LANGUAGE_STANDARD = "gnu++20";
				CLANG_ENABLE_MODULES = YES;
				CLANG_ENABLE_OBJC_ARC = YES;
				CLANG_ENABLE_OBJC_WEAK = YES;
				CLANG_WARN_BLOCK_CAPTURE_AUTORELEASING = YES;
				CLANG_WARN_BOOL_CONVERSION = YES;
				CLANG_WARN_COMMA = YES;
				CLANG_WARN_CONSTANT_CONVERSION = YES;
				CLANG_WARN_DEPRECATED_OBJC_IMPLEMENTATIONS = YES;
				CLANG_WARN_DIRECT_OBJC_ISA_USAGE = YES_ERROR;
				CLANG_WARN_DOCUMENTATION_COMMENTS = YES;
				CLANG_WARN_EMPTY_BODY = YES;
				CLANG_WARN_ENUM_CONVERSION = YES;
				CLANG_WARN_INFINITE_RECURSION = YES;
				CLANG_WARN_INT_CONVERSION = YES;
				CLANG_WARN_NON_LITERAL_NULL_CONVERSION = YES;
				CLANG_WARN_OBJC_IMPLICIT_RETAIN_SELF = YES;
				CLANG_WARN_OBJC_LITERAL_CONVERSION = YES;
				CLANG_WARN_OBJC_ROOT_CLASS = YES_ERROR;
				CLANG_WARN_QUOTED_INCLUDE_IN_FRAMEWORK_HEADER = YES;
				CLANG_WARN_RANGE_LOOP_ANALYSIS = YES;
				CLANG_WARN_STRICT_PROTOTYPES = YES;
				CLANG_WARN_SUSPICIOUS_MOVE = YES;
				CLANG_WARN_UNGUARDED_AVAILABILITY = YES_AGGRESSIVE;
				CLANG_WARN_UNREACHABLE_CODE = YES;
				CLANG_WARN__DUPLICATE_METHOD_MATCH = YES;
				COPY_PHASE_STRIP = NO;
				DEBUG_INFORMATION_FORMAT = "dwarf-with-dsym";
				ENABLE_NS_ASSERTIONS = NO;
				ENABLE_STRICT_OBJC_MSGSEND = YES;
				GCC_C_LANGUAGE_STANDARD = gnu11;
				GCC_NO_COMMON_BLOCKS = YES;
				GCC_WARN_64_TO_32_BIT_CONVERSION = YES;
				GCC_WARN_ABOUT_RETURN_TYPE = YES_ERROR;
				GCC_WARN_UNDECLARED_SELECTOR = YES;
				GCC_WARN_UNINITIALIZED_AUTOS = YES_AGGRESSIVE;
				GCC_WARN_UNUSED_FUNCTION = YES;
				GCC_WARN_UNUSED_VARIABLE = YES;
				IPHONEOS_DEPLOYMENT_TARGET = 16.2;
				MTL_ENABLE_DEBUG_INFO = NO;
				MTL_FAST_MATH = YES;
				SDKROOT = iphoneos;
				SWIFT_COMPILATION_MODE = wholemodule;
				SWIFT_OPTIMIZATION_LEVEL = "-O";
				VALIDATE_PRODUCT = YES;
			};
			name = Release;
		};
		1F8326D8297EEC8E00462DD2 /* Debug */ = {
			isa = XCBuildConfiguration;
			buildSettings = {
				ASSETCATALOG_COMPILER_APPICON_NAME = AppIcon;
				ASSETCATALOG_COMPILER_GLOBAL_ACCENT_COLOR_NAME = AccentColor;
				CODE_SIGN_STYLE = Automatic;
				CURRENT_PROJECT_VERSION = 1;
				GENERATE_INFOPLIST_FILE = YES;
				INFOPLIST_FILE = Movies/Info.plist;
				INFOPLIST_KEY_UIApplicationSupportsIndirectInputEvents = YES;
				INFOPLIST_KEY_UILaunchStoryboardName = LaunchScreen;
				INFOPLIST_KEY_UIMainStoryboardFile = "";
				INFOPLIST_KEY_UISupportedInterfaceOrientations_iPad = "UIInterfaceOrientationPortrait UIInterfaceOrientationPortraitUpsideDown UIInterfaceOrientationLandscapeLeft UIInterfaceOrientationLandscapeRight";
				INFOPLIST_KEY_UISupportedInterfaceOrientations_iPhone = "UIInterfaceOrientationPortrait UIInterfaceOrientationLandscapeLeft UIInterfaceOrientationLandscapeRight";
				LD_RUNPATH_SEARCH_PATHS = (
					"$(inherited)",
					"@executable_path/Frameworks",
				);
				MARKETING_VERSION = 1.0;
				PRODUCT_BUNDLE_IDENTIFIER = daiane.Movies;
				PRODUCT_NAME = "$(TARGET_NAME)";
				SWIFT_EMIT_LOC_STRINGS = YES;
				SWIFT_VERSION = 5.0;
				TARGETED_DEVICE_FAMILY = "1,2";
			};
			name = Debug;
		};
		1F8326D9297EEC8E00462DD2 /* Release */ = {
			isa = XCBuildConfiguration;
			buildSettings = {
				ASSETCATALOG_COMPILER_APPICON_NAME = AppIcon;
				ASSETCATALOG_COMPILER_GLOBAL_ACCENT_COLOR_NAME = AccentColor;
				CODE_SIGN_STYLE = Automatic;
				CURRENT_PROJECT_VERSION = 1;
				GENERATE_INFOPLIST_FILE = YES;
				INFOPLIST_FILE = Movies/Info.plist;
				INFOPLIST_KEY_UIApplicationSupportsIndirectInputEvents = YES;
				INFOPLIST_KEY_UILaunchStoryboardName = LaunchScreen;
				INFOPLIST_KEY_UIMainStoryboardFile = "";
				INFOPLIST_KEY_UISupportedInterfaceOrientations_iPad = "UIInterfaceOrientationPortrait UIInterfaceOrientationPortraitUpsideDown UIInterfaceOrientationLandscapeLeft UIInterfaceOrientationLandscapeRight";
				INFOPLIST_KEY_UISupportedInterfaceOrientations_iPhone = "UIInterfaceOrientationPortrait UIInterfaceOrientationLandscapeLeft UIInterfaceOrientationLandscapeRight";
				LD_RUNPATH_SEARCH_PATHS = (
					"$(inherited)",
					"@executable_path/Frameworks",
				);
				MARKETING_VERSION = 1.0;
				PRODUCT_BUNDLE_IDENTIFIER = daiane.Movies;
				PRODUCT_NAME = "$(TARGET_NAME)";
				SWIFT_EMIT_LOC_STRINGS = YES;
				SWIFT_VERSION = 5.0;
				TARGETED_DEVICE_FAMILY = "1,2";
			};
			name = Release;
		};
/* End XCBuildConfiguration section */

/* Begin XCConfigurationList section */
		1F8326BE297EEC8C00462DD2 /* Build configuration list for PBXProject "Movies" */ = {
			isa = XCConfigurationList;
			buildConfigurations = (
				1F8326D5297EEC8E00462DD2 /* Debug */,
				1F8326D6297EEC8E00462DD2 /* Release */,
			);
			defaultConfigurationIsVisible = 0;
			defaultConfigurationName = Release;
		};
		1F8326D7297EEC8E00462DD2 /* Build configuration list for PBXNativeTarget "Movies" */ = {
			isa = XCConfigurationList;
			buildConfigurations = (
				1F8326D8297EEC8E00462DD2 /* Debug */,
				1F8326D9297EEC8E00462DD2 /* Release */,
			);
			defaultConfigurationIsVisible = 0;
			defaultConfigurationName = Release;
		};
/* End XCConfigurationList section */
	};
	rootObject = 1F8326BB297EEC8C00462DD2 /* Project object */;
}
